PODS:
  - Flutter (1.0.0)
  - secure_application (0.0.1):
    - Flutter

DEPENDENCIES:
  - Flutter (from `Flutter`)
  - secure_application (from `.symlinks/plugins/secure_application/ios`)

EXTERNAL SOURCES:
  Flutter:
    :path: Flutter
  secure_application:
    :path: ".symlinks/plugins/secure_application/ios"

SPEC CHECKSUMS:
  Flutter: e0871f40cf51350855a761d2e70bf5af5b9b5de7
  secure_application: 27d424e8c2e770f63e38e280b5a51f921aa9b0c8

PODFILE CHECKSUM: c4c93c5f6502fe2754f48404d3594bf779584011

COCOAPODS: 1.15.2
